
Microsoft Visual Studio Solution File, Format Version 12.00
# Visual Studio Version 17
VisualStudioVersion = 17.14.36414.22
MinimumVisualStudioVersion = 10.0.40219.1
Project("{FAE04EC0-301F-11D3-BF4B-00C04F79EFBC}") = "myproject1", "myproject1\myproject1.csproj", "{CEBC4C21-3942-4901-A43C-6C594509B5BE}"
EndProject
Project("{FAE04EC0-301F-11D3-BF4B-00C04F79EFBC}") = "pr", "pr\pr.csproj", "{478B9EC5-CD43-42DC-BAEE-6ACD1BF4B633}"
EndProject
Project("{FAE04EC0-301F-11D3-BF4B-00C04F79EFBC}") = "pr1", "pr1\pr1.csproj", "{019654F2-1075-48F5-8BD1-E53ADF1258CF}"
EndProject
Project("{FAE04EC0-301F-11D3-BF4B-00C04F79EFBC}") = "pr6(1)", "pr6(1)\pr6(1).csproj", "{1A868FEB-598D-4EE9-8565-13762A9EC08E}"
EndProject
Project("{FAE04EC0-301F-11D3-BF4B-00C04F79EFBC}") = "pr6(2)", "pr6(2)\pr6(2).csproj", "{613B1CC5-F1D0-49C8-AF8D-2735C9CFFAD7}"
EndProject
Project("{FAE04EC0-301F-11D3-BF4B-00C04F79EFBC}") = "pr6(3)", "pr6(3)\pr6(3).csproj", "{F1AAE5D2-25F4-4A47-9E93-702A14A8D750}"
EndProject
Project("{FAE04EC0-301F-11D3-BF4B-00C04F79EFBC}") = "pr6(4)", "pr6(4)\pr6(4).csproj", "{612A84B2-8D83-4703-A66C-A495FF28514D}"
EndProject
Project("{FAE04EC0-301F-11D3-BF4B-00C04F79EFBC}") = "pr6(5)", "pr6(5)\pr6(5).csproj", "{8C6C5E29-140C-47B0-AE22-2134FBEE9ACF}"
EndProject
Project("{FAE04EC0-301F-11D3-BF4B-00C04F79EFBC}") = "tema", "tema\tema.csproj", "{FEB5B806-F0B7-49C3-8A32-C8FC566B19BB}"
EndProject
Project("{FAE04EC0-301F-11D3-BF4B-00C04F79EFBC}") = "massiv", "massiv\massiv.csproj", "{674BC9C1-6B1E-4B61-AD4C-1A60A1363BC6}"
EndProject
Project("{FAE04EC0-301F-11D3-BF4B-00C04F79EFBC}") = "dis1", "dis1\dis1.csproj", "{8E76F43B-C4FD-4D30-9FA0-5C363312D1BD}"
EndProject
Project("{FAE04EC0-301F-11D3-BF4B-00C04F79EFBC}") = "dis2", "dis2\dis2.csproj", "{19CFA940-4CAD-4054-A96B-B79DA460F31F}"
EndProject
Project("{FAE04EC0-301F-11D3-BF4B-00C04F79EFBC}") = "pr7(1)", "pr7(1)\pr7(1).csproj", "{D31AB386-65DD-48F9-AFE8-7082C63B7411}"
EndProject
Project("{FAE04EC0-301F-11D3-BF4B-00C04F79EFBC}") = "pr7(2.)", "pr7(2.)\pr7(2.).csproj", "{713702C6-6319-40C3-AEF4-50DCFCCB2D83}"
EndProject
Project("{FAE04EC0-301F-11D3-BF4B-00C04F79EFBC}") = "ConsoleApp1", "ConsoleApp1\ConsoleApp1.csproj", "{369EDD7C-751F-4E61-93A5-3846BC69AA75}"
EndProject
Project("{FAE04EC0-301F-11D3-BF4B-00C04F79EFBC}") = "pr7(3)", "pr7(3)\pr7(3).csproj", "{2442DCC0-4C4B-46E9-9974-6B3C517E468D}"
EndProject
Project("{FAE04EC0-301F-11D3-BF4B-00C04F79EFBC}") = "pr7(4)", "pr7(4)\pr7(4).csproj", "{C55A0828-26AF-40BF-9E88-1AF2477B099D}"
EndProject
Project("{FAE04EC0-301F-11D3-BF4B-00C04F79EFBC}") = "pr7(5)", "pr7(5)\pr7(5).csproj", "{D951A3D5-4CF4-46F5-B9AF-2FDF0E480691}"
EndProject
Project("{FAE04EC0-301F-11D3-BF4B-00C04F79EFBC}") = "pr7(6)", "pr7(6)\pr7(6).csproj", "{24F60235-CD93-492E-AD03-630CDF04CC1D}"
EndProject
Project("{FAE04EC0-301F-11D3-BF4B-00C04F79EFBC}") = "temaa", "temaa\temaa.csproj", "{9341DD50-67B4-46E6-BF21-2166166237FE}"
EndProject
Project("{FAE04EC0-301F-11D3-BF4B-00C04F79EFBC}") = "7(7)", "7(7)\7(7).csproj", "{A5FE0BE8-6556-47DC-9804-43450232AEBC}"
EndProject
Project("{FAE04EC0-301F-11D3-BF4B-00C04F79EFBC}") = "7(8)", "7(8)\7(8).csproj", "{DCDF8A63-2A50-4301-8286-3B25B70FD00F}"
EndProject
Project("{FAE04EC0-301F-11D3-BF4B-00C04F79EFBC}") = "7(9)", "7(9)\7(9).csproj", "{F94A65C3-ED64-43C2-9B19-6426661DEDB0}"
EndProject
Project("{FAE04EC0-301F-11D3-BF4B-00C04F79EFBC}") = "7(10)", "7(10)\7(10).csproj", "{B8FD3A7A-594A-4465-8C59-4BADF3CF4E76}"
EndProject
Project("{FAE04EC0-301F-11D3-BF4B-00C04F79EFBC}") = "dop1", "dop1\dop1.csproj", "{D55E5332-9752-4ADB-87C7-2D1FFCA62277}"
EndProject
Project("{FAE04EC0-301F-11D3-BF4B-00C04F79EFBC}") = "dvymern", "dvymern\dvymern.csproj", "{60881FE2-55EE-47C3-BA25-45A7E3134EFA}"
EndProject
Project("{FAE04EC0-301F-11D3-BF4B-00C04F79EFBC}") = "pr8(1)", "pr8(1)\pr8(1).csproj", "{D62CE5D9-1F76-42BE-8B5D-30C0BA974804}"
EndProject
Project("{FAE04EC0-301F-11D3-BF4B-00C04F79EFBC}") = "pr8(2)", "pr8(2)\pr8(2).csproj", "{875D33E9-3DB6-4E84-93B1-5857F8ABC22C}"
EndProject
Project("{FAE04EC0-301F-11D3-BF4B-00C04F79EFBC}") = "pr8(3)", "pr8(3)\pr8(3).csproj", "{A6383105-0A55-4C65-AC10-01498A9FD233}"
EndProject
Project("{FAE04EC0-301F-11D3-BF4B-00C04F79EFBC}") = "pr8(4)", "pr8(4)\pr8(4).csproj", "{402CE6BF-DCF7-4DE5-8916-3A431A9C4E7B}"
EndProject
Project("{FAE04EC0-301F-11D3-BF4B-00C04F79EFBC}") = "pr8(5)", "pr8(5)\pr8(5).csproj", "{F75B04E4-2BBB-44E8-809D-724EC8094D5E}"
EndProject
Project("{FAE04EC0-301F-11D3-BF4B-00C04F79EFBC}") = "ConsoleApp3", "ConsoleApp3\ConsoleApp3.csproj", "{A6C97639-B4C9-4407-B595-9FCAAA712C14}"
EndProject
Project("{FAE04EC0-301F-11D3-BF4B-00C04F79EFBC}") = "tem", "tem\tem.csproj", "{D47C5A17-507F-4701-95C2-ED164757F8E8}"
EndProject
Project("{FAE04EC0-301F-11D3-BF4B-00C04F79EFBC}") = "pr9(1)", "pr9(1)\pr9(1).csproj", "{A8A6A31A-EA50-4F59-B613-A2FA9B355D78}"
EndProject
Project("{FAE04EC0-301F-11D3-BF4B-00C04F79EFBC}") = "pr9(2)", "pr9(2)\pr9(2).csproj", "{66DC7887-D53F-4144-BB38-850BEA8F43D0}"
EndProject
Project("{FAE04EC0-301F-11D3-BF4B-00C04F79EFBC}") = "pr9(3)", "pr9(3)\pr9(3).csproj", "{AB868230-A067-4B72-A4E5-83701EBBA25E}"
EndProject
Project("{FAE04EC0-301F-11D3-BF4B-00C04F79EFBC}") = "pr9(4)", "pr9(4)\pr9(4).csproj", "{1308BBF7-F87C-42BE-9611-3F1A6549701A}"
EndProject
Project("{FAE04EC0-301F-11D3-BF4B-00C04F79EFBC}") = "pr9(5)", "pr9(5)\pr9(5).csproj", "{606570A5-4561-44B9-9AAA-40EE31EE795D}"
EndProject
Project("{FAE04EC0-301F-11D3-BF4B-00C04F79EFBC}") = "pr9(6)", "pr9(6)\pr9(6).csproj", "{4AB9EA4C-8A77-4316-8CA4-554F4B6B1808}"
EndProject
Project("{FAE04EC0-301F-11D3-BF4B-00C04F79EFBC}") = "pr9(7)", "pr9(7)\pr9(7).csproj", "{B69BF680-FDDB-4FA7-911B-19D42899BCB0}"
EndProject
Project("{FAE04EC0-301F-11D3-BF4B-00C04F79EFBC}") = "pr9(8)", "pr9(8)\pr9(8).csproj", "{65450175-9183-4985-A83C-45AF9CB22FBF}"
EndProject
Project("{FAE04EC0-301F-11D3-BF4B-00C04F79EFBC}") = "pr9(9)", "pr9(9)\pr9(9).csproj", "{87C38A9F-1B79-4471-AAED-1A28BB195265}"
EndProject
Project("{FAE04EC0-301F-11D3-BF4B-00C04F79EFBC}") = "pr9(10)", "pr9(10)\pr9(10).csproj", "{1797CB33-6069-428A-B6C2-4414E1D89CE7}"
EndProject
Global
	GlobalSection(SolutionConfigurationPlatforms) = preSolution
		Debug|Any CPU = Debug|Any CPU
		Release|Any CPU = Release|Any CPU
	EndGlobalSection
	GlobalSection(ProjectConfigurationPlatforms) = postSolution
		{CEBC4C21-3942-4901-A43C-6C594509B5BE}.Debug|Any CPU.ActiveCfg = Debug|Any CPU
		{CEBC4C21-3942-4901-A43C-6C594509B5BE}.Debug|Any CPU.Build.0 = Debug|Any CPU
		{CEBC4C21-3942-4901-A43C-6C594509B5BE}.Release|Any CPU.ActiveCfg = Release|Any CPU
		{CEBC4C21-3942-4901-A43C-6C594509B5BE}.Release|Any CPU.Build.0 = Release|Any CPU
		{478B9EC5-CD43-42DC-BAEE-6ACD1BF4B633}.Debug|Any CPU.ActiveCfg = Debug|Any CPU
		{478B9EC5-CD43-42DC-BAEE-6ACD1BF4B633}.Debug|Any CPU.Build.0 = Debug|Any CPU
		{478B9EC5-CD43-42DC-BAEE-6ACD1BF4B633}.Release|Any CPU.ActiveCfg = Release|Any CPU
		{478B9EC5-CD43-42DC-BAEE-6ACD1BF4B633}.Release|Any CPU.Build.0 = Release|Any CPU
		{019654F2-1075-48F5-8BD1-E53ADF1258CF}.Debug|Any CPU.ActiveCfg = Debug|Any CPU
		{019654F2-1075-48F5-8BD1-E53ADF1258CF}.Debug|Any CPU.Build.0 = Debug|Any CPU
		{019654F2-1075-48F5-8BD1-E53ADF1258CF}.Release|Any CPU.ActiveCfg = Release|Any CPU
		{019654F2-1075-48F5-8BD1-E53ADF1258CF}.Release|Any CPU.Build.0 = Release|Any CPU
		{1A868FEB-598D-4EE9-8565-13762A9EC08E}.Debug|Any CPU.ActiveCfg = Debug|Any CPU
		{1A868FEB-598D-4EE9-8565-13762A9EC08E}.Debug|Any CPU.Build.0 = Debug|Any CPU
		{1A868FEB-598D-4EE9-8565-13762A9EC08E}.Release|Any CPU.ActiveCfg = Release|Any CPU
		{1A868FEB-598D-4EE9-8565-13762A9EC08E}.Release|Any CPU.Build.0 = Release|Any CPU
		{613B1CC5-F1D0-49C8-AF8D-2735C9CFFAD7}.Debug|Any CPU.ActiveCfg = Debug|Any CPU
		{613B1CC5-F1D0-49C8-AF8D-2735C9CFFAD7}.Debug|Any CPU.Build.0 = Debug|Any CPU
		{613B1CC5-F1D0-49C8-AF8D-2735C9CFFAD7}.Release|Any CPU.ActiveCfg = Release|Any CPU
		{613B1CC5-F1D0-49C8-AF8D-2735C9CFFAD7}.Release|Any CPU.Build.0 = Release|Any CPU
		{F1AAE5D2-25F4-4A47-9E93-702A14A8D750}.Debug|Any CPU.ActiveCfg = Debug|Any CPU
		{F1AAE5D2-25F4-4A47-9E93-702A14A8D750}.Debug|Any CPU.Build.0 = Debug|Any CPU
		{F1AAE5D2-25F4-4A47-9E93-702A14A8D750}.Release|Any CPU.ActiveCfg = Release|Any CPU
		{F1AAE5D2-25F4-4A47-9E93-702A14A8D750}.Release|Any CPU.Build.0 = Release|Any CPU
		{612A84B2-8D83-4703-A66C-A495FF28514D}.Debug|Any CPU.ActiveCfg = Debug|Any CPU
		{612A84B2-8D83-4703-A66C-A495FF28514D}.Debug|Any CPU.Build.0 = Debug|Any CPU
		{612A84B2-8D83-4703-A66C-A495FF28514D}.Release|Any CPU.ActiveCfg = Release|Any CPU
		{612A84B2-8D83-4703-A66C-A495FF28514D}.Release|Any CPU.Build.0 = Release|Any CPU
		{8C6C5E29-140C-47B0-AE22-2134FBEE9ACF}.Debug|Any CPU.ActiveCfg = Debug|Any CPU
		{8C6C5E29-140C-47B0-AE22-2134FBEE9ACF}.Debug|Any CPU.Build.0 = Debug|Any CPU
		{8C6C5E29-140C-47B0-AE22-2134FBEE9ACF}.Release|Any CPU.ActiveCfg = Release|Any CPU
		{8C6C5E29-140C-47B0-AE22-2134FBEE9ACF}.Release|Any CPU.Build.0 = Release|Any CPU
		{FEB5B806-F0B7-49C3-8A32-C8FC566B19BB}.Debug|Any CPU.ActiveCfg = Debug|Any CPU
		{FEB5B806-F0B7-49C3-8A32-C8FC566B19BB}.Debug|Any CPU.Build.0 = Debug|Any CPU
		{FEB5B806-F0B7-49C3-8A32-C8FC566B19BB}.Release|Any CPU.ActiveCfg = Release|Any CPU
		{FEB5B806-F0B7-49C3-8A32-C8FC566B19BB}.Release|Any CPU.Build.0 = Release|Any CPU
		{674BC9C1-6B1E-4B61-AD4C-1A60A1363BC6}.Debug|Any CPU.ActiveCfg = Debug|Any CPU
		{674BC9C1-6B1E-4B61-AD4C-1A60A1363BC6}.Debug|Any CPU.Build.0 = Debug|Any CPU
		{674BC9C1-6B1E-4B61-AD4C-1A60A1363BC6}.Release|Any CPU.ActiveCfg = Release|Any CPU
		{674BC9C1-6B1E-4B61-AD4C-1A60A1363BC6}.Release|Any CPU.Build.0 = Release|Any CPU
		{8E76F43B-C4FD-4D30-9FA0-5C363312D1BD}.Debug|Any CPU.ActiveCfg = Debug|Any CPU
		{8E76F43B-C4FD-4D30-9FA0-5C363312D1BD}.Debug|Any CPU.Build.0 = Debug|Any CPU
		{8E76F43B-C4FD-4D30-9FA0-5C363312D1BD}.Release|Any CPU.ActiveCfg = Release|Any CPU
		{8E76F43B-C4FD-4D30-9FA0-5C363312D1BD}.Release|Any CPU.Build.0 = Release|Any CPU
		{19CFA940-4CAD-4054-A96B-B79DA460F31F}.Debug|Any CPU.ActiveCfg = Debug|Any CPU
		{19CFA940-4CAD-4054-A96B-B79DA460F31F}.Debug|Any CPU.Build.0 = Debug|Any CPU
		{19CFA940-4CAD-4054-A96B-B79DA460F31F}.Release|Any CPU.ActiveCfg = Release|Any CPU
		{19CFA940-4CAD-4054-A96B-B79DA460F31F}.Release|Any CPU.Build.0 = Release|Any CPU
		{D31AB386-65DD-48F9-AFE8-7082C63B7411}.Debug|Any CPU.ActiveCfg = Debug|Any CPU
		{D31AB386-65DD-48F9-AFE8-7082C63B7411}.Debug|Any CPU.Build.0 = Debug|Any CPU
		{D31AB386-65DD-48F9-AFE8-7082C63B7411}.Release|Any CPU.ActiveCfg = Release|Any CPU
		{D31AB386-65DD-48F9-AFE8-7082C63B7411}.Release|Any CPU.Build.0 = Release|Any CPU
		{713702C6-6319-40C3-AEF4-50DCFCCB2D83}.Debug|Any CPU.ActiveCfg = Debug|Any CPU
		{713702C6-6319-40C3-AEF4-50DCFCCB2D83}.Debug|Any CPU.Build.0 = Debug|Any CPU
		{713702C6-6319-40C3-AEF4-50DCFCCB2D83}.Release|Any CPU.ActiveCfg = Release|Any CPU
		{713702C6-6319-40C3-AEF4-50DCFCCB2D83}.Release|Any CPU.Build.0 = Release|Any CPU
		{369EDD7C-751F-4E61-93A5-3846BC69AA75}.Debug|Any CPU.ActiveCfg = Debug|Any CPU
		{369EDD7C-751F-4E61-93A5-3846BC69AA75}.Debug|Any CPU.Build.0 = Debug|Any CPU
		{369EDD7C-751F-4E61-93A5-3846BC69AA75}.Release|Any CPU.ActiveCfg = Release|Any CPU
		{369EDD7C-751F-4E61-93A5-3846BC69AA75}.Release|Any CPU.Build.0 = Release|Any CPU
		{2442DCC0-4C4B-46E9-9974-6B3C517E468D}.Debug|Any CPU.ActiveCfg = Debug|Any CPU
		{2442DCC0-4C4B-46E9-9974-6B3C517E468D}.Debug|Any CPU.Build.0 = Debug|Any CPU
		{2442DCC0-4C4B-46E9-9974-6B3C517E468D}.Release|Any CPU.ActiveCfg = Release|Any CPU
		{2442DCC0-4C4B-46E9-9974-6B3C517E468D}.Release|Any CPU.Build.0 = Release|Any CPU
		{C55A0828-26AF-40BF-9E88-1AF2477B099D}.Debug|Any CPU.ActiveCfg = Debug|Any CPU
		{C55A0828-26AF-40BF-9E88-1AF2477B099D}.Debug|Any CPU.Build.0 = Debug|Any CPU
		{C55A0828-26AF-40BF-9E88-1AF2477B099D}.Release|Any CPU.ActiveCfg = Release|Any CPU
		{C55A0828-26AF-40BF-9E88-1AF2477B099D}.Release|Any CPU.Build.0 = Release|Any CPU
		{D951A3D5-4CF4-46F5-B9AF-2FDF0E480691}.Debug|Any CPU.ActiveCfg = Debug|Any CPU
		{D951A3D5-4CF4-46F5-B9AF-2FDF0E480691}.Debug|Any CPU.Build.0 = Debug|Any CPU
		{D951A3D5-4CF4-46F5-B9AF-2FDF0E480691}.Release|Any CPU.ActiveCfg = Release|Any CPU
		{D951A3D5-4CF4-46F5-B9AF-2FDF0E480691}.Release|Any CPU.Build.0 = Release|Any CPU
		{24F60235-CD93-492E-AD03-630CDF04CC1D}.Debug|Any CPU.ActiveCfg = Debug|Any CPU
		{24F60235-CD93-492E-AD03-630CDF04CC1D}.Debug|Any CPU.Build.0 = Debug|Any CPU
		{24F60235-CD93-492E-AD03-630CDF04CC1D}.Release|Any CPU.ActiveCfg = Release|Any CPU
		{24F60235-CD93-492E-AD03-630CDF04CC1D}.Release|Any CPU.Build.0 = Release|Any CPU
		{9341DD50-67B4-46E6-BF21-2166166237FE}.Debug|Any CPU.ActiveCfg = Debug|Any CPU
		{9341DD50-67B4-46E6-BF21-2166166237FE}.Debug|Any CPU.Build.0 = Debug|Any CPU
		{9341DD50-67B4-46E6-BF21-2166166237FE}.Release|Any CPU.ActiveCfg = Release|Any CPU
		{9341DD50-67B4-46E6-BF21-2166166237FE}.Release|Any CPU.Build.0 = Release|Any CPU
		{A5FE0BE8-6556-47DC-9804-43450232AEBC}.Debug|Any CPU.ActiveCfg = Debug|Any CPU
		{A5FE0BE8-6556-47DC-9804-43450232AEBC}.Debug|Any CPU.Build.0 = Debug|Any CPU
		{A5FE0BE8-6556-47DC-9804-43450232AEBC}.Release|Any CPU.ActiveCfg = Release|Any CPU
		{A5FE0BE8-6556-47DC-9804-43450232AEBC}.Release|Any CPU.Build.0 = Release|Any CPU
		{DCDF8A63-2A50-4301-8286-3B25B70FD00F}.Debug|Any CPU.ActiveCfg = Debug|Any CPU
		{DCDF8A63-2A50-4301-8286-3B25B70FD00F}.Debug|Any CPU.Build.0 = Debug|Any CPU
		{DCDF8A63-2A50-4301-8286-3B25B70FD00F}.Release|Any CPU.ActiveCfg = Release|Any CPU
		{DCDF8A63-2A50-4301-8286-3B25B70FD00F}.Release|Any CPU.Build.0 = Release|Any CPU
		{F94A65C3-ED64-43C2-9B19-6426661DEDB0}.Debug|Any CPU.ActiveCfg = Debug|Any CPU
		{F94A65C3-ED64-43C2-9B19-6426661DEDB0}.Debug|Any CPU.Build.0 = Debug|Any CPU
		{F94A65C3-ED64-43C2-9B19-6426661DEDB0}.Release|Any CPU.ActiveCfg = Release|Any CPU
		{F94A65C3-ED64-43C2-9B19-6426661DEDB0}.Release|Any CPU.Build.0 = Release|Any CPU
		{B8FD3A7A-594A-4465-8C59-4BADF3CF4E76}.Debug|Any CPU.ActiveCfg = Debug|Any CPU
		{B8FD3A7A-594A-4465-8C59-4BADF3CF4E76}.Debug|Any CPU.Build.0 = Debug|Any CPU
		{B8FD3A7A-594A-4465-8C59-4BADF3CF4E76}.Release|Any CPU.ActiveCfg = Release|Any CPU
		{B8FD3A7A-594A-4465-8C59-4BADF3CF4E76}.Release|Any CPU.Build.0 = Release|Any CPU
		{D55E5332-9752-4ADB-87C7-2D1FFCA62277}.Debug|Any CPU.ActiveCfg = Debug|Any CPU
		{D55E5332-9752-4ADB-87C7-2D1FFCA62277}.Debug|Any CPU.Build.0 = Debug|Any CPU
		{D55E5332-9752-4ADB-87C7-2D1FFCA62277}.Release|Any CPU.ActiveCfg = Release|Any CPU
		{D55E5332-9752-4ADB-87C7-2D1FFCA62277}.Release|Any CPU.Build.0 = Release|Any CPU
		{60881FE2-55EE-47C3-BA25-45A7E3134EFA}.Debug|Any CPU.ActiveCfg = Debug|Any CPU
		{60881FE2-55EE-47C3-BA25-45A7E3134EFA}.Debug|Any CPU.Build.0 = Debug|Any CPU
		{60881FE2-55EE-47C3-BA25-45A7E3134EFA}.Release|Any CPU.ActiveCfg = Release|Any CPU
		{60881FE2-55EE-47C3-BA25-45A7E3134EFA}.Release|Any CPU.Build.0 = Release|Any CPU
		{D62CE5D9-1F76-42BE-8B5D-30C0BA974804}.Debug|Any CPU.ActiveCfg = Debug|Any CPU
		{D62CE5D9-1F76-42BE-8B5D-30C0BA974804}.Debug|Any CPU.Build.0 = Debug|Any CPU
		{D62CE5D9-1F76-42BE-8B5D-30C0BA974804}.Release|Any CPU.ActiveCfg = Release|Any CPU
		{D62CE5D9-1F76-42BE-8B5D-30C0BA974804}.Release|Any CPU.Build.0 = Release|Any CPU
		{875D33E9-3DB6-4E84-93B1-5857F8ABC22C}.Debug|Any CPU.ActiveCfg = Debug|Any CPU
		{875D33E9-3DB6-4E84-93B1-5857F8ABC22C}.Debug|Any CPU.Build.0 = Debug|Any CPU
		{875D33E9-3DB6-4E84-93B1-5857F8ABC22C}.Release|Any CPU.ActiveCfg = Release|Any CPU
		{875D33E9-3DB6-4E84-93B1-5857F8ABC22C}.Release|Any CPU.Build.0 = Release|Any CPU
		{A6383105-0A55-4C65-AC10-01498A9FD233}.Debug|Any CPU.ActiveCfg = Debug|Any CPU
		{A6383105-0A55-4C65-AC10-01498A9FD233}.Debug|Any CPU.Build.0 = Debug|Any CPU
		{A6383105-0A55-4C65-AC10-01498A9FD233}.Release|Any CPU.ActiveCfg = Release|Any CPU
		{A6383105-0A55-4C65-AC10-01498A9FD233}.Release|Any CPU.Build.0 = Release|Any CPU
		{402CE6BF-DCF7-4DE5-8916-3A431A9C4E7B}.Debug|Any CPU.ActiveCfg = Debug|Any CPU
		{402CE6BF-DCF7-4DE5-8916-3A431A9C4E7B}.Debug|Any CPU.Build.0 = Debug|Any CPU
		{402CE6BF-DCF7-4DE5-8916-3A431A9C4E7B}.Release|Any CPU.ActiveCfg = Release|Any CPU
		{402CE6BF-DCF7-4DE5-8916-3A431A9C4E7B}.Release|Any CPU.Build.0 = Release|Any CPU
		{F75B04E4-2BBB-44E8-809D-724EC8094D5E}.Debug|Any CPU.ActiveCfg = Debug|Any CPU
		{F75B04E4-2BBB-44E8-809D-724EC8094D5E}.Debug|Any CPU.Build.0 = Debug|Any CPU
		{F75B04E4-2BBB-44E8-809D-724EC8094D5E}.Release|Any CPU.ActiveCfg = Release|Any CPU
		{F75B04E4-2BBB-44E8-809D-724EC8094D5E}.Release|Any CPU.Build.0 = Release|Any CPU
		{A6C97639-B4C9-4407-B595-9FCAAA712C14}.Debug|Any CPU.ActiveCfg = Debug|Any CPU
		{A6C97639-B4C9-4407-B595-9FCAAA712C14}.Debug|Any CPU.Build.0 = Debug|Any CPU
		{A6C97639-B4C9-4407-B595-9FCAAA712C14}.Release|Any CPU.ActiveCfg = Release|Any CPU
		{A6C97639-B4C9-4407-B595-9FCAAA712C14}.Release|Any CPU.Build.0 = Release|Any CPU
		{D47C5A17-507F-4701-95C2-ED164757F8E8}.Debug|Any CPU.ActiveCfg = Debug|Any CPU
		{D47C5A17-507F-4701-95C2-ED164757F8E8}.Debug|Any CPU.Build.0 = Debug|Any CPU
		{D47C5A17-507F-4701-95C2-ED164757F8E8}.Release|Any CPU.ActiveCfg = Release|Any CPU
		{D47C5A17-507F-4701-95C2-ED164757F8E8}.Release|Any CPU.Build.0 = Release|Any CPU
		{A8A6A31A-EA50-4F59-B613-A2FA9B355D78}.Debug|Any CPU.ActiveCfg = Debug|Any CPU
		{A8A6A31A-EA50-4F59-B613-A2FA9B355D78}.Debug|Any CPU.Build.0 = Debug|Any CPU
		{A8A6A31A-EA50-4F59-B613-A2FA9B355D78}.Release|Any CPU.ActiveCfg = Release|Any CPU
		{A8A6A31A-EA50-4F59-B613-A2FA9B355D78}.Release|Any CPU.Build.0 = Release|Any CPU
		{66DC7887-D53F-4144-BB38-850BEA8F43D0}.Debug|Any CPU.ActiveCfg = Debug|Any CPU
		{66DC7887-D53F-4144-BB38-850BEA8F43D0}.Debug|Any CPU.Build.0 = Debug|Any CPU
		{66DC7887-D53F-4144-BB38-850BEA8F43D0}.Release|Any CPU.ActiveCfg = Release|Any CPU
		{66DC7887-D53F-4144-BB38-850BEA8F43D0}.Release|Any CPU.Build.0 = Release|Any CPU
		{AB868230-A067-4B72-A4E5-83701EBBA25E}.Debug|Any CPU.ActiveCfg = Debug|Any CPU
		{AB868230-A067-4B72-A4E5-83701EBBA25E}.Debug|Any CPU.Build.0 = Debug|Any CPU
		{AB868230-A067-4B72-A4E5-83701EBBA25E}.Release|Any CPU.ActiveCfg = Release|Any CPU
		{AB868230-A067-4B72-A4E5-83701EBBA25E}.Release|Any CPU.Build.0 = Release|Any CPU
		{1308BBF7-F87C-42BE-9611-3F1A6549701A}.Debug|Any CPU.ActiveCfg = Debug|Any CPU
		{1308BBF7-F87C-42BE-9611-3F1A6549701A}.Debug|Any CPU.Build.0 = Debug|Any CPU
		{1308BBF7-F87C-42BE-9611-3F1A6549701A}.Release|Any CPU.ActiveCfg = Release|Any CPU
		{1308BBF7-F87C-42BE-9611-3F1A6549701A}.Release|Any CPU.Build.0 = Release|Any CPU
		{606570A5-4561-44B9-9AAA-40EE31EE795D}.Debug|Any CPU.ActiveCfg = Debug|Any CPU
		{606570A5-4561-44B9-9AAA-40EE31EE795D}.Debug|Any CPU.Build.0 = Debug|Any CPU
		{606570A5-4561-44B9-9AAA-40EE31EE795D}.Release|Any CPU.ActiveCfg = Release|Any CPU
		{606570A5-4561-44B9-9AAA-40EE31EE795D}.Release|Any CPU.Build.0 = Release|Any CPU
		{4AB9EA4C-8A77-4316-8CA4-554F4B6B1808}.Debug|Any CPU.ActiveCfg = Debug|Any CPU
		{4AB9EA4C-8A77-4316-8CA4-554F4B6B1808}.Debug|Any CPU.Build.0 = Debug|Any CPU
		{4AB9EA4C-8A77-4316-8CA4-554F4B6B1808}.Release|Any CPU.ActiveCfg = Release|Any CPU
		{4AB9EA4C-8A77-4316-8CA4-554F4B6B1808}.Release|Any CPU.Build.0 = Release|Any CPU
		{B69BF680-FDDB-4FA7-911B-19D42899BCB0}.Debug|Any CPU.ActiveCfg = Debug|Any CPU
		{B69BF680-FDDB-4FA7-911B-19D42899BCB0}.Debug|Any CPU.Build.0 = Debug|Any CPU
		{B69BF680-FDDB-4FA7-911B-19D42899BCB0}.Release|Any CPU.ActiveCfg = Release|Any CPU
		{B69BF680-FDDB-4FA7-911B-19D42899BCB0}.Release|Any CPU.Build.0 = Release|Any CPU
		{65450175-9183-4985-A83C-45AF9CB22FBF}.Debug|Any CPU.ActiveCfg = Debug|Any CPU
		{65450175-9183-4985-A83C-45AF9CB22FBF}.Debug|Any CPU.Build.0 = Debug|Any CPU
		{65450175-9183-4985-A83C-45AF9CB22FBF}.Release|Any CPU.ActiveCfg = Release|Any CPU
		{65450175-9183-4985-A83C-45AF9CB22FBF}.Release|Any CPU.Build.0 = Release|Any CPU
		{87C38A9F-1B79-4471-AAED-1A28BB195265}.Debug|Any CPU.ActiveCfg = Debug|Any CPU
		{87C38A9F-1B79-4471-AAED-1A28BB195265}.Debug|Any CPU.Build.0 = Debug|Any CPU
		{87C38A9F-1B79-4471-AAED-1A28BB195265}.Release|Any CPU.ActiveCfg = Release|Any CPU
		{87C38A9F-1B79-4471-AAED-1A28BB195265}.Release|Any CPU.Build.0 = Release|Any CPU
		{1797CB33-6069-428A-B6C2-4414E1D89CE7}.Debug|Any CPU.ActiveCfg = Debug|Any CPU
		{1797CB33-6069-428A-B6C2-4414E1D89CE7}.Debug|Any CPU.Build.0 = Debug|Any CPU
		{1797CB33-6069-428A-B6C2-4414E1D89CE7}.Release|Any CPU.ActiveCfg = Release|Any CPU
		{1797CB33-6069-428A-B6C2-4414E1D89CE7}.Release|Any CPU.Build.0 = Release|Any CPU
	EndGlobalSection
	GlobalSection(SolutionProperties) = preSolution
		HideSolutionNode = FALSE
	EndGlobalSection
	GlobalSection(ExtensibilityGlobals) = postSolution
		SolutionGuid = {68A99029-13A4-4C8B-A301-B97FFDB609EB}
	EndGlobalSection
EndGlobal
